# This file is automatically @generated by Poetry 2.0.1 and should not be changed by hand.

[[package]]
name = "decorator"
version = "5.2.1"
description = "Decorators for Humans"
optional = false
python-versions = ">=3.8"
groups = ["main"]
files = [
    {file = "decorator-5.2.1-py3-none-any.whl", hash = "sha256:d316bb415a2d9e2d2b3abcc4084c6502fc09240e292cd76a76afc106a1c8e04a"},
    {file = "decorator-5.2.1.tar.gz", hash = "sha256:65f266143752f734b0a7cc83c46f4618af75b8c5911b00ccb61d0ac9b6da0360"},
]

[[package]]
name = "future"
version = "1.0.0"
description = "Clean single-source support for Python 3 and 2"
optional = false
python-versions = ">=2.6, !=3.0.*, !=3.1.*, !=3.2.*"
groups = ["main"]
files = [
    {file = "future-1.0.0-py3-none-any.whl", hash = "sha256:929292d34f5872e70396626ef385ec22355a1fae8ad29e1a734c3e43f9fbc216"},
    {file = "future-1.0.0.tar.gz", hash = "sha256:bd2968309307861edae1458a4f8a4f3598c03be43b97521076aebf5d94c07b05"},
]

[[package]]
name = "pycontracts"
version = "1.8.12"
description = "PyContracts is a Python package that allows to declare constraints on function parameters and return values. Contracts can be specified using Python3 annotations, in a decorator, or inside a docstring :type: and :rtype: tags. PyContracts supports a basic type system, variables binding, arithmetic constraints, and has several specialized contracts (notably for Numpy arrays), as well as an extension API."
optional = false
python-versions = "*"
groups = ["main"]
files = [
    {file = "PyContracts-1.8.12.tar.gz", hash = "sha256:e76adbd832deec28b2045a6094c5bb779a0b2cb1105a23b3efafe723e2c9937a"},
]

[package.dependencies]
decorator = "*"
future = "*"
pyparsing = "*"
six = "*"

[[package]]
name = "pyparsing"
version = "3.2.1"
description = "pyparsing module - Classes and methods to define and execute parsing grammars"
optional = false
python-versions = ">=3.9"
groups = ["main"]
files = [
    {file = "pyparsing-3.2.1-py3-none-any.whl", hash = "sha256:506ff4f4386c4cec0590ec19e6302d3aedb992fdc02c761e90416f158dacf8e1"},
    {file = "pyparsing-3.2.1.tar.gz", hash = "sha256:61980854fd66de3a90028d679a954d5f2623e83144b5afe5ee86f43d762e5f0a"},
]

[package.extras]
diagrams = ["jinja2", "railroad-diagrams"]

[[package]]
name = "pysynthetic"
version = "0.5.3"
description = "Easy Python class writing and type checking"
optional = false
python-versions = ">=2.7"
groups = ["main"]
files = [
    {file = "pysynthetic-0.5.3-py3-none-any.whl", hash = "sha256:cf59ba29fdb2bc17beb068ea01a1208ce6e9ed13d254911037d2e2bd920ade41"},
    {file = "pysynthetic-0.5.3.tar.gz", hash = "sha256:afaae45454bfeb1a932ff50fecc4aa3d076dae16a9f7d1b173c1b8542a0089c8"},
]

[package.dependencies]
pycontracts = ">=1.7.8"

[[package]]
name = "six"
version = "1.17.0"
description = "Python 2 and 3 compatibility utilities"
optional = false
python-versions = "!=3.0.*,!=3.1.*,!=3.2.*,>=2.7"
groups = ["main"]
files = [
    {file = "six-1.17.0-py2.py3-none-any.whl", hash = "sha256:4721f391ed90541fddacab5acf947aa0d3dc7d27b2e1e8eda2be8970586c3274"},
    {file = "six-1.17.0.tar.gz", hash = "sha256:ff70335d468e7eb6ec65b95b99d3a2836546063f63acc5171de367e834932a81"},
]

[metadata]
lock-version = "2.1"
python-versions = ">=3.12, <3.13"
content-hash = "c880baf709635a1dd7c13cbba004d29347018174f6ab155f588808e8c956a514"
